// !$*UTF8*$!
{
	archiveVersion = 1;
	classes = {
	};
	objectVersion = 55;
	objects = {

/* Begin PBXBuildFile section */
		0149CB3D283C0E8B00707CBE /* CommentsViewController.swift in Sources */ = {isa = PBXBuildFile; fileRef = 0149CB3C283C0E8B00707CBE /* CommentsViewController.swift */; };
		0149CB3F283C1B8600707CBE /* PostComment.swift in Sources */ = {isa = PBXBuildFile; fileRef = 0149CB3E283C1B8600707CBE /* PostComment.swift */; };
		0149CB41283C1BB100707CBE /* User.swift in Sources */ = {isa = PBXBuildFile; fileRef = 0149CB40283C1BB100707CBE /* User.swift */; };
		0149CB43283C337900707CBE /* CommentTableViewCell.swift in Sources */ = {isa = PBXBuildFile; fileRef = 0149CB42283C337900707CBE /* CommentTableViewCell.swift */; };
		0149CB45283C36EA00707CBE /* DateFormatterExtension.swift in Sources */ = {isa = PBXBuildFile; fileRef = 0149CB44283C36EA00707CBE /* DateFormatterExtension.swift */; };
		0149CB47283C376200707CBE /* StringExtension.swift in Sources */ = {isa = PBXBuildFile; fileRef = 0149CB46283C376200707CBE /* StringExtension.swift */; };
		01D66C50283B9EE8005B6462 /* UIViewExtension.swift in Sources */ = {isa = PBXBuildFile; fileRef = 01D66C4F283B9EE8005B6462 /* UIViewExtension.swift */; };
		01D66C52283BA5A5005B6462 /* PostModel.swift in Sources */ = {isa = PBXBuildFile; fileRef = 01D66C51283BA5A5005B6462 /* PostModel.swift */; };
		01D91FCD28355A0500AA190F /* AppDelegate.swift in Sources */ = {isa = PBXBuildFile; fileRef = 01D91FCC28355A0500AA190F /* AppDelegate.swift */; };
		01D91FCF28355A0500AA190F /* SceneDelegate.swift in Sources */ = {isa = PBXBuildFile; fileRef = 01D91FCE28355A0500AA190F /* SceneDelegate.swift */; };
		01D91FD128355A0500AA190F /* HomeViewController.swift in Sources */ = {isa = PBXBuildFile; fileRef = 01D91FD028355A0500AA190F /* HomeViewController.swift */; };
		01D91FD628355A1000AA190F /* Assets.xcassets in Resources */ = {isa = PBXBuildFile; fileRef = 01D91FD528355A1000AA190F /* Assets.xcassets */; };
		01D91FD928355A1000AA190F /* LaunchScreen.storyboard in Resources */ = {isa = PBXBuildFile; fileRef = 01D91FD728355A1000AA190F /* LaunchScreen.storyboard */; };
		01D91FE92835641500AA190F /* ExploreViewController.swift in Sources */ = {isa = PBXBuildFile; fileRef = 01D91FE82835641500AA190F /* ExploreViewController.swift */; };
		01D91FEB2835642800AA190F /* CameraViewController.swift in Sources */ = {isa = PBXBuildFile; fileRef = 01D91FEA2835642800AA190F /* CameraViewController.swift */; };
		01D91FED2835643600AA190F /* NotificationsViewController.swift in Sources */ = {isa = PBXBuildFile; fileRef = 01D91FEC2835643600AA190F /* NotificationsViewController.swift */; };
		01D91FEF2835644F00AA190F /* ProfileViewController.swift in Sources */ = {isa = PBXBuildFile; fileRef = 01D91FEE2835644F00AA190F /* ProfileViewController.swift */; };
		01D91FF12835648900AA190F /* UserListViewController.swift in Sources */ = {isa = PBXBuildFile; fileRef = 01D91FF02835648900AA190F /* UserListViewController.swift */; };
		01D91FF32835649800AA190F /* SignInViewController.swift in Sources */ = {isa = PBXBuildFile; fileRef = 01D91FF22835649800AA190F /* SignInViewController.swift */; };
		01D91FF5283564A200AA190F /* SignOutViewController.swift in Sources */ = {isa = PBXBuildFile; fileRef = 01D91FF4283564A200AA190F /* SignOutViewController.swift */; };
		01D91FF7283564AD00AA190F /* SettingsViewController.swift in Sources */ = {isa = PBXBuildFile; fileRef = 01D91FF6283564AD00AA190F /* SettingsViewController.swift */; };
		01D91FF9283564E300AA190F /* TabBarViewController.swift in Sources */ = {isa = PBXBuildFile; fileRef = 01D91FF8283564E300AA190F /* TabBarViewController.swift */; };
		01D91FFD2835653300AA190F /* PostViewController.swift in Sources */ = {isa = PBXBuildFile; fileRef = 01D91FFC2835653300AA190F /* PostViewController.swift */; };
		01D91FFF2835655D00AA190F /* APICaller.swift in Sources */ = {isa = PBXBuildFile; fileRef = 01D91FFE2835655D00AA190F /* APICaller.swift */; };
		01D920012835659400AA190F /* AuthenticationManager.swift in Sources */ = {isa = PBXBuildFile; fileRef = 01D920002835659400AA190F /* AuthenticationManager.swift */; };
		01D92003283565A500AA190F /* DatabaseManager.swift in Sources */ = {isa = PBXBuildFile; fileRef = 01D92002283565A500AA190F /* DatabaseManager.swift */; };
		01D92005283565B400AA190F /* StorageManager.swift in Sources */ = {isa = PBXBuildFile; fileRef = 01D92004283565B400AA190F /* StorageManager.swift */; };
		01D92007283565D300AA190F /* HapticsManager.swift in Sources */ = {isa = PBXBuildFile; fileRef = 01D92006283565D300AA190F /* HapticsManager.swift */; };
		01FC67472837994C00950428 /* GoogleService-Info.plist in Resources */ = {isa = PBXBuildFile; fileRef = 01FC67462837994C00950428 /* GoogleService-Info.plist */; };
		0B46436B4F96FB6E8BB1A21D /* Pods_TikTokClone.framework in Frameworks */ = {isa = PBXBuildFile; fileRef = 7FA668F2F77557195BCC2C03 /* Pods_TikTokClone.framework */; };
/* End PBXBuildFile section */

/* Begin PBXFileReference section */
		0149CB3C283C0E8B00707CBE /* CommentsViewController.swift */ = {isa = PBXFileReference; lastKnownFileType = sourcecode.swift; path = CommentsViewController.swift; sourceTree = "<group>"; };
		0149CB3E283C1B8600707CBE /* PostComment.swift */ = {isa = PBXFileReference; lastKnownFileType = sourcecode.swift; path = PostComment.swift; sourceTree = "<group>"; };
		0149CB40283C1BB100707CBE /* User.swift */ = {isa = PBXFileReference; lastKnownFileType = sourcecode.swift; path = User.swift; sourceTree = "<group>"; };
		0149CB42283C337900707CBE /* CommentTableViewCell.swift */ = {isa = PBXFileReference; lastKnownFileType = sourcecode.swift; path = CommentTableViewCell.swift; sourceTree = "<group>"; };
		0149CB44283C36EA00707CBE /* DateFormatterExtension.swift */ = {isa = PBXFileReference; lastKnownFileType = sourcecode.swift; path = DateFormatterExtension.swift; sourceTree = "<group>"; };
		0149CB46283C376200707CBE /* StringExtension.swift */ = {isa = PBXFileReference; lastKnownFileType = sourcecode.swift; path = StringExtension.swift; sourceTree = "<group>"; };
		01D66C4F283B9EE8005B6462 /* UIViewExtension.swift */ = {isa = PBXFileReference; lastKnownFileType = sourcecode.swift; path = UIViewExtension.swift; sourceTree = "<group>"; };
		01D66C51283BA5A5005B6462 /* PostModel.swift */ = {isa = PBXFileReference; lastKnownFileType = sourcecode.swift; path = PostModel.swift; sourceTree = "<group>"; };
		01D91FC928355A0500AA190F /* TikTokClone.app */ = {isa = PBXFileReference; explicitFileType = wrapper.application; includeInIndex = 0; path = TikTokClone.app; sourceTree = BUILT_PRODUCTS_DIR; };
		01D91FCC28355A0500AA190F /* AppDelegate.swift */ = {isa = PBXFileReference; lastKnownFileType = sourcecode.swift; path = AppDelegate.swift; sourceTree = "<group>"; };
		01D91FCE28355A0500AA190F /* SceneDelegate.swift */ = {isa = PBXFileReference; lastKnownFileType = sourcecode.swift; path = SceneDelegate.swift; sourceTree = "<group>"; };
		01D91FD028355A0500AA190F /* HomeViewController.swift */ = {isa = PBXFileReference; lastKnownFileType = sourcecode.swift; path = HomeViewController.swift; sourceTree = "<group>"; };
		01D91FD528355A1000AA190F /* Assets.xcassets */ = {isa = PBXFileReference; lastKnownFileType = folder.assetcatalog; path = Assets.xcassets; sourceTree = "<group>"; };
		01D91FD828355A1000AA190F /* Base */ = {isa = PBXFileReference; lastKnownFileType = file.storyboard; name = Base; path = Base.lproj/LaunchScreen.storyboard; sourceTree = "<group>"; };
		01D91FDA28355A1000AA190F /* Info.plist */ = {isa = PBXFileReference; lastKnownFileType = text.plist.xml; path = Info.plist; sourceTree = "<group>"; };
		01D91FE82835641500AA190F /* ExploreViewController.swift */ = {isa = PBXFileReference; lastKnownFileType = sourcecode.swift; path = ExploreViewController.swift; sourceTree = "<group>"; };
		01D91FEA2835642800AA190F /* CameraViewController.swift */ = {isa = PBXFileReference; lastKnownFileType = sourcecode.swift; path = CameraViewController.swift; sourceTree = "<group>"; };
		01D91FEC2835643600AA190F /* NotificationsViewController.swift */ = {isa = PBXFileReference; lastKnownFileType = sourcecode.swift; path = NotificationsViewController.swift; sourceTree = "<group>"; };
		01D91FEE2835644F00AA190F /* ProfileViewController.swift */ = {isa = PBXFileReference; lastKnownFileType = sourcecode.swift; path = ProfileViewController.swift; sourceTree = "<group>"; };
		01D91FF02835648900AA190F /* UserListViewController.swift */ = {isa = PBXFileReference; lastKnownFileType = sourcecode.swift; path = UserListViewController.swift; sourceTree = "<group>"; };
		01D91FF22835649800AA190F /* SignInViewController.swift */ = {isa = PBXFileReference; lastKnownFileType = sourcecode.swift; path = SignInViewController.swift; sourceTree = "<group>"; };
		01D91FF4283564A200AA190F /* SignOutViewController.swift */ = {isa = PBXFileReference; lastKnownFileType = sourcecode.swift; path = SignOutViewController.swift; sourceTree = "<group>"; };
		01D91FF6283564AD00AA190F /* SettingsViewController.swift */ = {isa = PBXFileReference; lastKnownFileType = sourcecode.swift; path = SettingsViewController.swift; sourceTree = "<group>"; };
		01D91FF8283564E300AA190F /* TabBarViewController.swift */ = {isa = PBXFileReference; lastKnownFileType = sourcecode.swift; path = TabBarViewController.swift; sourceTree = "<group>"; };
		01D91FFC2835653300AA190F /* PostViewController.swift */ = {isa = PBXFileReference; lastKnownFileType = sourcecode.swift; path = PostViewController.swift; sourceTree = "<group>"; };
		01D91FFE2835655D00AA190F /* APICaller.swift */ = {isa = PBXFileReference; lastKnownFileType = sourcecode.swift; path = APICaller.swift; sourceTree = "<group>"; };
		01D920002835659400AA190F /* AuthenticationManager.swift */ = {isa = PBXFileReference; lastKnownFileType = sourcecode.swift; path = AuthenticationManager.swift; sourceTree = "<group>"; };
		01D92002283565A500AA190F /* DatabaseManager.swift */ = {isa = PBXFileReference; lastKnownFileType = sourcecode.swift; path = DatabaseManager.swift; sourceTree = "<group>"; };
		01D92004283565B400AA190F /* StorageManager.swift */ = {isa = PBXFileReference; lastKnownFileType = sourcecode.swift; path = StorageManager.swift; sourceTree = "<group>"; };
		01D92006283565D300AA190F /* HapticsManager.swift */ = {isa = PBXFileReference; lastKnownFileType = sourcecode.swift; path = HapticsManager.swift; sourceTree = "<group>"; };
		01FC67462837994C00950428 /* GoogleService-Info.plist */ = {isa = PBXFileReference; fileEncoding = 4; lastKnownFileType = text.plist.xml; path = "GoogleService-Info.plist"; sourceTree = "<group>"; };
		305FB5C37C9992E1E2C51668 /* Pods-TikTokClone.release.xcconfig */ = {isa = PBXFileReference; includeInIndex = 1; lastKnownFileType = text.xcconfig; name = "Pods-TikTokClone.release.xcconfig"; path = "Target Support Files/Pods-TikTokClone/Pods-TikTokClone.release.xcconfig"; sourceTree = "<group>"; };
		7FA668F2F77557195BCC2C03 /* Pods_TikTokClone.framework */ = {isa = PBXFileReference; explicitFileType = wrapper.framework; includeInIndex = 0; path = Pods_TikTokClone.framework; sourceTree = BUILT_PRODUCTS_DIR; };
		A652D5DD4DCDDE45DD841A40 /* Pods-TikTokClone.debug.xcconfig */ = {isa = PBXFileReference; includeInIndex = 1; lastKnownFileType = text.xcconfig; name = "Pods-TikTokClone.debug.xcconfig"; path = "Target Support Files/Pods-TikTokClone/Pods-TikTokClone.debug.xcconfig"; sourceTree = "<group>"; };
/* End PBXFileReference section */

/* Begin PBXFrameworksBuildPhase section */
		01D91FC628355A0500AA190F /* Frameworks */ = {
			isa = PBXFrameworksBuildPhase;
			buildActionMask = 2147483647;
			files = (
				0B46436B4F96FB6E8BB1A21D /* Pods_TikTokClone.framework in Frameworks */,
			);
			runOnlyForDeploymentPostprocessing = 0;
		};
/* End PBXFrameworksBuildPhase section */

/* Begin PBXGroup section */
		01D66C4E283B9ECC005B6462 /* Extensions */ = {
			isa = PBXGroup;
			children = (
				01D66C4F283B9EE8005B6462 /* UIViewExtension.swift */,
				0149CB44283C36EA00707CBE /* DateFormatterExtension.swift */,
				0149CB46283C376200707CBE /* StringExtension.swift */,
			);
			path = Extensions;
			sourceTree = "<group>";
		};
		01D91FC028355A0500AA190F = {
			isa = PBXGroup;
			children = (
				01D91FCB28355A0500AA190F /* TikTokClone */,
				01D91FCA28355A0500AA190F /* Products */,
				F9F1F0FFA01B91808A4AB1BC /* Pods */,
				830B9D1E13674A667E8F886C /* Frameworks */,
			);
			sourceTree = "<group>";
		};
		01D91FCA28355A0500AA190F /* Products */ = {
			isa = PBXGroup;
			children = (
				01D91FC928355A0500AA190F /* TikTokClone.app */,
			);
			name = Products;
			sourceTree = "<group>";
		};
		01D91FCB28355A0500AA190F /* TikTokClone */ = {
			isa = PBXGroup;
			children = (
				01D66C4E283B9ECC005B6462 /* Extensions */,
				01D91FE52835635600AA190F /* Managers */,
				01D91FE42835634C00AA190F /* ViewModels */,
				01D91FE32835634600AA190F /* Models */,
				01D91FE22835631900AA190F /* Views */,
				01D91FE1283562F600AA190F /* Controllers */,
				01D91FE0283562EB00AA190F /* Resources */,
				01D91FD528355A1000AA190F /* Assets.xcassets */,
				01D91FDA28355A1000AA190F /* Info.plist */,
				01FC67462837994C00950428 /* GoogleService-Info.plist */,
			);
			path = TikTokClone;
			sourceTree = "<group>";
		};
		01D91FE0283562EB00AA190F /* Resources */ = {
			isa = PBXGroup;
			children = (
				01D91FCE28355A0500AA190F /* SceneDelegate.swift */,
				01D91FCC28355A0500AA190F /* AppDelegate.swift */,
			);
			path = Resources;
			sourceTree = "<group>";
		};
		01D91FE1283562F600AA190F /* Controllers */ = {
			isa = PBXGroup;
			children = (
				01D91FE7283563CB00AA190F /* Other */,
				01D91FE6283563C400AA190F /* Core */,
			);
			path = Controllers;
			sourceTree = "<group>";
		};
		01D91FE22835631900AA190F /* Views */ = {
			isa = PBXGroup;
			children = (
				01D91FFB2835650A00AA190F /* Other */,
				01D91FFA283564F900AA190F /* StoryBoards */,
			);
			path = Views;
			sourceTree = "<group>";
		};
		01D91FE32835634600AA190F /* Models */ = {
			isa = PBXGroup;
			children = (
				01D66C51283BA5A5005B6462 /* PostModel.swift */,
				0149CB3E283C1B8600707CBE /* PostComment.swift */,
				0149CB40283C1BB100707CBE /* User.swift */,
			);
			path = Models;
			sourceTree = "<group>";
		};
		01D91FE42835634C00AA190F /* ViewModels */ = {
			isa = PBXGroup;
			children = (
			);
			path = ViewModels;
			sourceTree = "<group>";
		};
		01D91FE52835635600AA190F /* Managers */ = {
			isa = PBXGroup;
			children = (
				01D91FFE2835655D00AA190F /* APICaller.swift */,
				01D920002835659400AA190F /* AuthenticationManager.swift */,
				01D92002283565A500AA190F /* DatabaseManager.swift */,
				01D92004283565B400AA190F /* StorageManager.swift */,
				01D92006283565D300AA190F /* HapticsManager.swift */,
			);
			path = Managers;
			sourceTree = "<group>";
		};
		01D91FE6283563C400AA190F /* Core */ = {
			isa = PBXGroup;
			children = (
				01D91FD028355A0500AA190F /* HomeViewController.swift */,
				01D91FE82835641500AA190F /* ExploreViewController.swift */,
				01D91FEA2835642800AA190F /* CameraViewController.swift */,
				01D91FEC2835643600AA190F /* NotificationsViewController.swift */,
				01D91FEE2835644F00AA190F /* ProfileViewController.swift */,
				01D91FF8283564E300AA190F /* TabBarViewController.swift */,
			);
			path = Core;
			sourceTree = "<group>";
		};
		01D91FE7283563CB00AA190F /* Other */ = {
			isa = PBXGroup;
			children = (
				01D91FF02835648900AA190F /* UserListViewController.swift */,
				01D91FF22835649800AA190F /* SignInViewController.swift */,
				01D91FF4283564A200AA190F /* SignOutViewController.swift */,
				01D91FF6283564AD00AA190F /* SettingsViewController.swift */,
				01D91FFC2835653300AA190F /* PostViewController.swift */,
				0149CB3C283C0E8B00707CBE /* CommentsViewController.swift */,
			);
			path = Other;
			sourceTree = "<group>";
		};
		01D91FFA283564F900AA190F /* StoryBoards */ = {
			isa = PBXGroup;
			children = (
				01D91FD728355A1000AA190F /* LaunchScreen.storyboard */,
			);
			path = StoryBoards;
			sourceTree = "<group>";
		};
		01D91FFB2835650A00AA190F /* Other */ = {
			isa = PBXGroup;
			children = (
				0149CB42283C337900707CBE /* CommentTableViewCell.swift */,
			);
			path = Other;
			sourceTree = "<group>";
		};
		830B9D1E13674A667E8F886C /* Frameworks */ = {
			isa = PBXGroup;
			children = (
				7FA668F2F77557195BCC2C03 /* Pods_TikTokClone.framework */,
			);
			name = Frameworks;
			sourceTree = "<group>";
		};
		F9F1F0FFA01B91808A4AB1BC /* Pods */ = {
			isa = PBXGroup;
			children = (
				A652D5DD4DCDDE45DD841A40 /* Pods-TikTokClone.debug.xcconfig */,
				305FB5C37C9992E1E2C51668 /* Pods-TikTokClone.release.xcconfig */,
			);
			path = Pods;
			sourceTree = "<group>";
		};
/* End PBXGroup section */

/* Begin PBXNativeTarget section */
		01D91FC828355A0500AA190F /* TikTokClone */ = {
			isa = PBXNativeTarget;
			buildConfigurationList = 01D91FDD28355A1000AA190F /* Build configuration list for PBXNativeTarget "TikTokClone" */;
			buildPhases = (
				DB2336EF198C2F951B4A645C /* [CP] Check Pods Manifest.lock */,
				01D91FC528355A0500AA190F /* Sources */,
				01D91FC628355A0500AA190F /* Frameworks */,
				01D91FC728355A0500AA190F /* Resources */,
				DC9AB194BC223B78E96842DE /* [CP] Embed Pods Frameworks */,
				01FC67482837A18A00950428 /* ShellScript */,
			);
			buildRules = (
			);
			dependencies = (
			);
			name = TikTokClone;
			productName = TikTokClone;
			productReference = 01D91FC928355A0500AA190F /* TikTokClone.app */;
			productType = "com.apple.product-type.application";
		};
/* End PBXNativeTarget section */

/* Begin PBXProject section */
		01D91FC128355A0500AA190F /* Project object */ = {
			isa = PBXProject;
			attributes = {
				BuildIndependentTargetsInParallel = 1;
				LastSwiftUpdateCheck = 1330;
				LastUpgradeCheck = 1330;
				TargetAttributes = {
					01D91FC828355A0500AA190F = {
						CreatedOnToolsVersion = 13.3;
					};
				};
			};
			buildConfigurationList = 01D91FC428355A0500AA190F /* Build configuration list for PBXProject "TikTokClone" */;
			compatibilityVersion = "Xcode 13.0";
			developmentRegion = en;
			hasScannedForEncodings = 0;
			knownRegions = (
				en,
				Base,
			);
			mainGroup = 01D91FC028355A0500AA190F;
			productRefGroup = 01D91FCA28355A0500AA190F /* Products */;
			projectDirPath = "";
			projectRoot = "";
			targets = (
				01D91FC828355A0500AA190F /* TikTokClone */,
			);
		};
/* End PBXProject section */

/* Begin PBXResourcesBuildPhase section */
		01D91FC728355A0500AA190F /* Resources */ = {
			isa = PBXResourcesBuildPhase;
			buildActionMask = 2147483647;
			files = (
				01D91FD928355A1000AA190F /* LaunchScreen.storyboard in Resources */,
				01D91FD628355A1000AA190F /* Assets.xcassets in Resources */,
				01FC67472837994C00950428 /* GoogleService-Info.plist in Resources */,
			);
			runOnlyForDeploymentPostprocessing = 0;
		};
/* End PBXResourcesBuildPhase section */

/* Begin PBXShellScriptBuildPhase section */
		01FC67482837A18A00950428 /* ShellScript */ = {
			isa = PBXShellScriptBuildPhase;
			buildActionMask = 2147483647;
			files = (
			);
			inputFileListPaths = (
			);
			inputPaths = (
				"${DWARF_DSYM_FOLDER_PATH}/${DWARF_DSYM_FILE_NAME}/Contents/Resources/DWARF/${TARGET_NAME}",
				"$(SRCROOT)/$(BUILT_PRODUCTS_DIR)/$(INFOPLIST_PATH)",
			);
			outputFileListPaths = (
			);
			outputPaths = (
			);
			runOnlyForDeploymentPostprocessing = 0;
			shellPath = /bin/sh;
			shellScript = "# Type a script or drag a script file from your workspace to insert its path.\n\"${PODS_ROOT}/FirebaseCrashlytics/run\"\n";
		};
		DB2336EF198C2F951B4A645C /* [CP] Check Pods Manifest.lock */ = {
			isa = PBXShellScriptBuildPhase;
			buildActionMask = 2147483647;
			files = (
			);
			inputFileListPaths = (
			);
			inputPaths = (
				"${PODS_PODFILE_DIR_PATH}/Podfile.lock",
				"${PODS_ROOT}/Manifest.lock",
			);
			name = "[CP] Check Pods Manifest.lock";
			outputFileListPaths = (
			);
			outputPaths = (
				"$(DERIVED_FILE_DIR)/Pods-TikTokClone-checkManifestLockResult.txt",
			);
			runOnlyForDeploymentPostprocessing = 0;
			shellPath = /bin/sh;
			shellScript = "diff \"${PODS_PODFILE_DIR_PATH}/Podfile.lock\" \"${PODS_ROOT}/Manifest.lock\" > /dev/null\nif [ $? != 0 ] ; then\n    # print error to STDERR\n    echo \"error: The sandbox is not in sync with the Podfile.lock. Run 'pod install' or update your CocoaPods installation.\" >&2\n    exit 1\nfi\n# This output is used by Xcode 'outputs' to avoid re-running this script phase.\necho \"SUCCESS\" > \"${SCRIPT_OUTPUT_FILE_0}\"\n";
			showEnvVarsInLog = 0;
		};
		DC9AB194BC223B78E96842DE /* [CP] Embed Pods Frameworks */ = {
			isa = PBXShellScriptBuildPhase;
			buildActionMask = 2147483647;
			files = (
			);
			inputFileListPaths = (
				"${PODS_ROOT}/Target Support Files/Pods-TikTokClone/Pods-TikTokClone-frameworks-${CONFIGURATION}-input-files.xcfilelist",
			);
			name = "[CP] Embed Pods Frameworks";
			outputFileListPaths = (
				"${PODS_ROOT}/Target Support Files/Pods-TikTokClone/Pods-TikTokClone-frameworks-${CONFIGURATION}-output-files.xcfilelist",
			);
			runOnlyForDeploymentPostprocessing = 0;
			shellPath = /bin/sh;
			shellScript = "\"${PODS_ROOT}/Target Support Files/Pods-TikTokClone/Pods-TikTokClone-frameworks.sh\"\n";
			showEnvVarsInLog = 0;
		};
/* End PBXShellScriptBuildPhase section */

/* Begin PBXSourcesBuildPhase section */
		01D91FC528355A0500AA190F /* Sources */ = {
			isa = PBXSourcesBuildPhase;
			buildActionMask = 2147483647;
			files = (
				01D92007283565D300AA190F /* HapticsManager.swift in Sources */,
				01D66C52283BA5A5005B6462 /* PostModel.swift in Sources */,
				0149CB3D283C0E8B00707CBE /* CommentsViewController.swift in Sources */,
				01D92005283565B400AA190F /* StorageManager.swift in Sources */,
				01D92003283565A500AA190F /* DatabaseManager.swift in Sources */,
				01D91FE92835641500AA190F /* ExploreViewController.swift in Sources */,
				01D91FF12835648900AA190F /* UserListViewController.swift in Sources */,
				0149CB45283C36EA00707CBE /* DateFormatterExtension.swift in Sources */,
				01D91FF7283564AD00AA190F /* SettingsViewController.swift in Sources */,
				01D920012835659400AA190F /* AuthenticationManager.swift in Sources */,
				01D91FFF2835655D00AA190F /* APICaller.swift in Sources */,
				01D91FFD2835653300AA190F /* PostViewController.swift in Sources */,
				01D91FF5283564A200AA190F /* SignOutViewController.swift in Sources */,
				01D91FF9283564E300AA190F /* TabBarViewController.swift in Sources */,
				01D91FEB2835642800AA190F /* CameraViewController.swift in Sources */,
				01D91FD128355A0500AA190F /* HomeViewController.swift in Sources */,
				0149CB3F283C1B8600707CBE /* PostComment.swift in Sources */,
				01D66C50283B9EE8005B6462 /* UIViewExtension.swift in Sources */,
				01D91FED2835643600AA190F /* NotificationsViewController.swift in Sources */,
				01D91FF32835649800AA190F /* SignInViewController.swift in Sources */,
				0149CB43283C337900707CBE /* CommentTableViewCell.swift in Sources */,
				01D91FEF2835644F00AA190F /* ProfileViewController.swift in Sources */,
				01D91FCD28355A0500AA190F /* AppDelegate.swift in Sources */,
				01D91FCF28355A0500AA190F /* SceneDelegate.swift in Sources */,
				0149CB47283C376200707CBE /* StringExtension.swift in Sources */,
				0149CB41283C1BB100707CBE /* User.swift in Sources */,
			);
			runOnlyForDeploymentPostprocessing = 0;
		};
/* End PBXSourcesBuildPhase section */

/* Begin PBXVariantGroup section */
		01D91FD728355A1000AA190F /* LaunchScreen.storyboard */ = {
			isa = PBXVariantGroup;
			children = (
				01D91FD828355A1000AA190F /* Base */,
			);
			name = LaunchScreen.storyboard;
			sourceTree = "<group>";
		};
/* End PBXVariantGroup section */

/* Begin XCBuildConfiguration section */
		01D91FDB28355A1000AA190F /* Debug */ = {
			isa = XCBuildConfiguration;
			buildSettings = {
				ALWAYS_SEARCH_USER_PATHS = NO;
				CLANG_ANALYZER_NONNULL = YES;
				CLANG_ANALYZER_NUMBER_OBJECT_CONVERSION = YES_AGGRESSIVE;
				CLANG_CXX_LANGUAGE_STANDARD = "gnu++17";
				CLANG_ENABLE_MODULES = YES;
				CLANG_ENABLE_OBJC_ARC = YES;
				CLANG_ENABLE_OBJC_WEAK = YES;
				CLANG_WARN_BLOCK_CAPTURE_AUTORELEASING = YES;
				CLANG_WARN_BOOL_CONVERSION = YES;
				CLANG_WARN_COMMA = YES;
				CLANG_WARN_CONSTANT_CONVERSION = YES;
				CLANG_WARN_DEPRECATED_OBJC_IMPLEMENTATIONS = YES;
				CLANG_WARN_DIRECT_OBJC_ISA_USAGE = YES_ERROR;
				CLANG_WARN_DOCUMENTATION_COMMENTS = YES;
				CLANG_WARN_EMPTY_BODY = YES;
				CLANG_WARN_ENUM_CONVERSION = YES;
				CLANG_WARN_INFINITE_RECURSION = YES;
				CLANG_WARN_INT_CONVERSION = YES;
				CLANG_WARN_NON_LITERAL_NULL_CONVERSION = YES;
				CLANG_WARN_OBJC_IMPLICIT_RETAIN_SELF = YES;
				CLANG_WARN_OBJC_LITERAL_CONVERSION = YES;
				CLANG_WARN_OBJC_ROOT_CLASS = YES_ERROR;
				CLANG_WARN_QUOTED_INCLUDE_IN_FRAMEWORK_HEADER = YES;
				CLANG_WARN_RANGE_LOOP_ANALYSIS = YES;
				CLANG_WARN_STRICT_PROTOTYPES = YES;
				CLANG_WARN_SUSPICIOUS_MOVE = YES;
				CLANG_WARN_UNGUARDED_AVAILABILITY = YES_AGGRESSIVE;
				CLANG_WARN_UNREACHABLE_CODE = YES;
				CLANG_WARN__DUPLICATE_METHOD_MATCH = YES;
				COPY_PHASE_STRIP = NO;
				DEBUG_INFORMATION_FORMAT = "dwarf-with-dsym";
				ENABLE_STRICT_OBJC_MSGSEND = YES;
				ENABLE_TESTABILITY = YES;
				GCC_C_LANGUAGE_STANDARD = gnu11;
				GCC_DYNAMIC_NO_PIC = NO;
				GCC_NO_COMMON_BLOCKS = YES;
				GCC_OPTIMIZATION_LEVEL = 0;
				GCC_PREPROCESSOR_DEFINITIONS = (
					"DEBUG=1",
					"$(inherited)",
				);
				GCC_WARN_64_TO_32_BIT_CONVERSION = YES;
				GCC_WARN_ABOUT_RETURN_TYPE = YES_ERROR;
				GCC_WARN_UNDECLARED_SELECTOR = YES;
				GCC_WARN_UNINITIALIZED_AUTOS = YES_AGGRESSIVE;
				GCC_WARN_UNUSED_FUNCTION = YES;
				GCC_WARN_UNUSED_VARIABLE = YES;
				IPHONEOS_DEPLOYMENT_TARGET = 15.4;
				MTL_ENABLE_DEBUG_INFO = INCLUDE_SOURCE;
				MTL_FAST_MATH = YES;
				ONLY_ACTIVE_ARCH = YES;
				SDKROOT = iphoneos;
				SWIFT_ACTIVE_COMPILATION_CONDITIONS = DEBUG;
				SWIFT_OPTIMIZATION_LEVEL = "-Onone";
			};
			name = Debug;
		};
		01D91FDC28355A1000AA190F /* Release */ = {
			isa = XCBuildConfiguration;
			buildSettings = {
				ALWAYS_SEARCH_USER_PATHS = NO;
				CLANG_ANALYZER_NONNULL = YES;
				CLANG_ANALYZER_NUMBER_OBJECT_CONVERSION = YES_AGGRESSIVE;
				CLANG_CXX_LANGUAGE_STANDARD = "gnu++17";
				CLANG_ENABLE_MODULES = YES;
				CLANG_ENABLE_OBJC_ARC = YES;
				CLANG_ENABLE_OBJC_WEAK = YES;
				CLANG_WARN_BLOCK_CAPTURE_AUTORELEASING = YES;
				CLANG_WARN_BOOL_CONVERSION = YES;
				CLANG_WARN_COMMA = YES;
				CLANG_WARN_CONSTANT_CONVERSION = YES;
				CLANG_WARN_DEPRECATED_OBJC_IMPLEMENTATIONS = YES;
				CLANG_WARN_DIRECT_OBJC_ISA_USAGE = YES_ERROR;
				CLANG_WARN_DOCUMENTATION_COMMENTS = YES;
				CLANG_WARN_EMPTY_BODY = YES;
				CLANG_WARN_ENUM_CONVERSION = YES;
				CLANG_WARN_INFINITE_RECURSION = YES;
				CLANG_WARN_INT_CONVERSION = YES;
				CLANG_WARN_NON_LITERAL_NULL_CONVERSION = YES;
				CLANG_WARN_OBJC_IMPLICIT_RETAIN_SELF = YES;
				CLANG_WARN_OBJC_LITERAL_CONVERSION = YES;
				CLANG_WARN_OBJC_ROOT_CLASS = YES_ERROR;
				CLANG_WARN_QUOTED_INCLUDE_IN_FRAMEWORK_HEADER = YES;
				CLANG_WARN_RANGE_LOOP_ANALYSIS = YES;
				CLANG_WARN_STRICT_PROTOTYPES = YES;
				CLANG_WARN_SUSPICIOUS_MOVE = YES;
				CLANG_WARN_UNGUARDED_AVAILABILITY = YES_AGGRESSIVE;
				CLANG_WARN_UNREACHABLE_CODE = YES;
				CLANG_WARN__DUPLICATE_METHOD_MATCH = YES;
				COPY_PHASE_STRIP = NO;
				DEBUG_INFORMATION_FORMAT = "dwarf-with-dsym";
				ENABLE_NS_ASSERTIONS = NO;
				ENABLE_STRICT_OBJC_MSGSEND = YES;
				GCC_C_LANGUAGE_STANDARD = gnu11;
				GCC_NO_COMMON_BLOCKS = YES;
				GCC_WARN_64_TO_32_BIT_CONVERSION = YES;
				GCC_WARN_ABOUT_RETURN_TYPE = YES_ERROR;
				GCC_WARN_UNDECLARED_SELECTOR = YES;
				GCC_WARN_UNINITIALIZED_AUTOS = YES_AGGRESSIVE;
				GCC_WARN_UNUSED_FUNCTION = YES;
				GCC_WARN_UNUSED_VARIABLE = YES;
				IPHONEOS_DEPLOYMENT_TARGET = 15.4;
				MTL_ENABLE_DEBUG_INFO = NO;
				MTL_FAST_MATH = YES;
				SDKROOT = iphoneos;
				SWIFT_COMPILATION_MODE = wholemodule;
				SWIFT_OPTIMIZATION_LEVEL = "-O";
				VALIDATE_PRODUCT = YES;
			};
			name = Release;
		};
		01D91FDE28355A1000AA190F /* Debug */ = {
			isa = XCBuildConfiguration;
			baseConfigurationReference = A652D5DD4DCDDE45DD841A40 /* Pods-TikTokClone.debug.xcconfig */;
			buildSettings = {
				ASSETCATALOG_COMPILER_APPICON_NAME = AppIcon;
				ASSETCATALOG_COMPILER_GLOBAL_ACCENT_COLOR_NAME = AccentColor;
				CODE_SIGN_STYLE = Automatic;
				CURRENT_PROJECT_VERSION = 1;
				DEBUG_INFORMATION_FORMAT = "dwarf-with-dsym";
				DEVELOPMENT_TEAM = S83TL6GCMZ;
				GENERATE_INFOPLIST_FILE = YES;
				INFOPLIST_FILE = TikTokClone/Info.plist;
				INFOPLIST_KEY_UIApplicationSupportsIndirectInputEvents = YES;
				INFOPLIST_KEY_UILaunchStoryboardName = LaunchScreen;
				INFOPLIST_KEY_UIMainStoryboardFile = Main;
				INFOPLIST_KEY_UISupportedInterfaceOrientations = UIInterfaceOrientationPortrait;
				INFOPLIST_KEY_UISupportedInterfaceOrientations_iPad = "UIInterfaceOrientationPortrait UIInterfaceOrientationPortraitUpsideDown UIInterfaceOrientationLandscapeLeft UIInterfaceOrientationLandscapeRight";
				INFOPLIST_KEY_UISupportedInterfaceOrientations_iPhone = "UIInterfaceOrientationPortrait UIInterfaceOrientationLandscapeLeft UIInterfaceOrientationLandscapeRight";
				IPHONEOS_DEPLOYMENT_TARGET = 14.0;
				LD_RUNPATH_SEARCH_PATHS = (
					"$(inherited)",
					"@executable_path/Frameworks",
				);
				MARKETING_VERSION = 1.0;
				PRODUCT_BUNDLE_IDENTIFIER = com.dhanajitkapali.TikTokClone;
				PRODUCT_NAME = "$(TARGET_NAME)";
				SWIFT_EMIT_LOC_STRINGS = YES;
				SWIFT_VERSION = 5.0;
				TARGETED_DEVICE_FAMILY = 1;
			};
			name = Debug;
		};
		01D91FDF28355A1000AA190F /* Release */ = {
			isa = XCBuildConfiguration;
			baseConfigurationReference = 305FB5C37C9992E1E2C51668 /* Pods-TikTokClone.release.xcconfig */;
			buildSettings = {
				ASSETCATALOG_COMPILER_APPICON_NAME = AppIcon;
				ASSETCATALOG_COMPILER_GLOBAL_ACCENT_COLOR_NAME = AccentColor;
				CODE_SIGN_STYLE = Automatic;
				CURRENT_PROJECT_VERSION = 1;
				DEVELOPMENT_TEAM = S83TL6GCMZ;
				GENERATE_INFOPLIST_FILE = YES;
				INFOPLIST_FILE = TikTokClone/Info.plist;
				INFOPLIST_KEY_UIApplicationSupportsIndirectInputEvents = YES;
				INFOPLIST_KEY_UILaunchStoryboardName = LaunchScreen;
				INFOPLIST_KEY_UIMainStoryboardFile = Main;
				INFOPLIST_KEY_UISupportedInterfaceOrientations = UIInterfaceOrientationPortrait;
				INFOPLIST_KEY_UISupportedInterfaceOrientations_iPad = "UIInterfaceOrientationPortrait UIInterfaceOrientationPortraitUpsideDown UIInterfaceOrientationLandscapeLeft UIInterfaceOrientationLandscapeRight";
				INFOPLIST_KEY_UISupportedInterfaceOrientations_iPhone = "UIInterfaceOrientationPortrait UIInterfaceOrientationLandscapeLeft UIInterfaceOrientationLandscapeRight";
				IPHONEOS_DEPLOYMENT_TARGET = 14.0;
				LD_RUNPATH_SEARCH_PATHS = (
					"$(inherited)",
					"@executable_path/Frameworks",
				);
				MARKETING_VERSION = 1.0;
				PRODUCT_BUNDLE_IDENTIFIER = com.dhanajitkapali.TikTokClone;
				PRODUCT_NAME = "$(TARGET_NAME)";
				SWIFT_EMIT_LOC_STRINGS = YES;
				SWIFT_VERSION = 5.0;
				TARGETED_DEVICE_FAMILY = 1;
			};
			name = Release;
		};
/* End XCBuildConfiguration section */

/* Begin XCConfigurationList section */
		01D91FC428355A0500AA190F /* Build configuration list for PBXProject "TikTokClone" */ = {
			isa = XCConfigurationList;
			buildConfigurations = (
				01D91FDB28355A1000AA190F /* Debug */,
				01D91FDC28355A1000AA190F /* Release */,
			);
			defaultConfigurationIsVisible = 0;
			defaultConfigurationName = Release;
		};
		01D91FDD28355A1000AA190F /* Build configuration list for PBXNativeTarget "TikTokClone" */ = {
			isa = XCConfigurationList;
			buildConfigurations = (
				01D91FDE28355A1000AA190F /* Debug */,
				01D91FDF28355A1000AA190F /* Release */,
			);
			defaultConfigurationIsVisible = 0;
			defaultConfigurationName = Release;
		};
/* End XCConfigurationList section */
	};
	rootObject = 01D91FC128355A0500AA190F /* Project object */;
}
